
Microsoft Visual Studio Solution File, Format Version 12.00
# Visual Studio Version 16
VisualStudioVersion = 16.0.31129.286
MinimumVisualStudioVersion = 10.0.40219.1
Project("{FAE04EC0-301F-11D3-BF4B-00C04F79EFBC}") = "DZ 4", "DZ 4\DZ 4.csproj", "{0BA3FEEB-6464-473A-BAAC-B0638986F03F}"
EndProject
Global
	GlobalSection(SolutionConfigurationPlatforms) = preSolution
		Debug|Any CPU = Debug|Any CPU
		Release|Any CPU = Release|Any CPU
	EndGlobalSection
	GlobalSection(ProjectConfigurationPlatforms) = postSolution
		{0BA3FEEB-6464-473A-BAAC-B0638986F03F}.Debug|Any CPU.ActiveCfg = Debug|Any CPU
		{0BA3FEEB-6464-473A-BAAC-B0638986F03F}.Debug|Any CPU.Build.0 = Debug|Any CPU
		{0BA3FEEB-6464-473A-BAAC-B0638986F03F}.Release|Any CPU.ActiveCfg = Release|Any CPU
		{0BA3FEEB-6464-473A-BAAC-B0638986F03F}.Release|Any CPU.Build.0 = Release|Any CPU
	EndGlobalSection
	GlobalSection(SolutionProperties) = preSolution
		HideSolutionNode = FALSE
	EndGlobalSection
	GlobalSection(ExtensibilityGlobals) = postSolution
		SolutionGuid = {975CBBC5-FA95-4146-B2AA-5505D6C067C3}
	EndGlobalSection
EndGlobal
